
Microsoft Visual Studio Solution File, Format Version 12.00
# Visual Studio Version 16
VisualStudioVersion = 16.0.31025.194
MinimumVisualStudioVersion = 10.0.40219.1
Project("{FAE04EC0-301F-11D3-BF4B-00C04F79EFBC}") = "Prueba técnica .net SICE", "Prueba técnica .net SICE\Prueba técnica .net SICE.csproj", "{100FAD21-9BAD-4527-BB37-122675043BAA}"
EndProject
Global
	GlobalSection(SolutionConfigurationPlatforms) = preSolution
		Debug|Any CPU = Debug|Any CPU
		Release|Any CPU = Release|Any CPU
	EndGlobalSection
	GlobalSection(ProjectConfigurationPlatforms) = postSolution
		{100FAD21-9BAD-4527-BB37-122675043BAA}.Debug|Any CPU.ActiveCfg = Debug|Any CPU
		{100FAD21-9BAD-4527-BB37-122675043BAA}.Debug|Any CPU.Build.0 = Debug|Any CPU
		{100FAD21-9BAD-4527-BB37-122675043BAA}.Release|Any CPU.ActiveCfg = Release|Any CPU
		{100FAD21-9BAD-4527-BB37-122675043BAA}.Release|Any CPU.Build.0 = Release|Any CPU
	EndGlobalSection
	GlobalSection(SolutionProperties) = preSolution
		HideSolutionNode = FALSE
	EndGlobalSection
	GlobalSection(ExtensibilityGlobals) = postSolution
		SolutionGuid = {7D5C8453-A72B-41DD-8BE2-2CAD7EAEF9A5}
	EndGlobalSection
EndGlobal
